
Microsoft Visual Studio Solution File, Format Version 12.00
Project("{FAE04EC0-301F-11D3-BF4B-00C04F79EFBC}") = "AutoXDisplay.DAL", "AutoXDisplay.DAL\AutoXDisplay.DAL.csproj", "{DCC55C14-8ABC-4CA5-87F5-0E98D94AC4CD}"
EndProject
Project("{FAE04EC0-301F-11D3-BF4B-00C04F79EFBC}") = "AutoXDisplay.BlazorServerApp", "AutoXDisplay.BlazorServerApp\AutoXDisplay.BlazorServerApp.csproj", "{5B688C67-03F3-4FE2-9276-0EC2D0653062}"
EndProject
Global
	GlobalSection(SolutionConfigurationPlatforms) = preSolution
		Debug|Any CPU = Debug|Any CPU
		Release|Any CPU = Release|Any CPU
	EndGlobalSection
	GlobalSection(ProjectConfigurationPlatforms) = postSolution
		{DCC55C14-8ABC-4CA5-87F5-0E98D94AC4CD}.Debug|Any CPU.ActiveCfg = Debug|Any CPU
		{DCC55C14-8ABC-4CA5-87F5-0E98D94AC4CD}.Debug|Any CPU.Build.0 = Debug|Any CPU
		{DCC55C14-8ABC-4CA5-87F5-0E98D94AC4CD}.Release|Any CPU.ActiveCfg = Release|Any CPU
		{DCC55C14-8ABC-4CA5-87F5-0E98D94AC4CD}.Release|Any CPU.Build.0 = Release|Any CPU
		{5B688C67-03F3-4FE2-9276-0EC2D0653062}.Debug|Any CPU.ActiveCfg = Debug|Any CPU
		{5B688C67-03F3-4FE2-9276-0EC2D0653062}.Debug|Any CPU.Build.0 = Debug|Any CPU
		{5B688C67-03F3-4FE2-9276-0EC2D0653062}.Release|Any CPU.ActiveCfg = Release|Any CPU
		{5B688C67-03F3-4FE2-9276-0EC2D0653062}.Release|Any CPU.Build.0 = Release|Any CPU
	EndGlobalSection
EndGlobal
